// !$*UTF8*$!
{
	archiveVersion = 1;
	classes = {
	};
	objectVersion = 50;
	objects = {

/* Begin PBXBuildFile section */
		050135D8232450C900872DC0 /* EasySwift.framework in Frameworks */ = {isa = PBXBuildFile; fileRef = 050135D7232450C900872DC0 /* EasySwift.framework */; };
		050135D9232450C900872DC0 /* EasySwift.framework in Embed Frameworks */ = {isa = PBXBuildFile; fileRef = 050135D7232450C900872DC0 /* EasySwift.framework */; settings = {ATTRIBUTES = (CodeSignOnCopy, RemoveHeadersOnCopy, ); }; };
		050135DF232453C100872DC0 /* SwinjectConfigurator.swift in Sources */ = {isa = PBXBuildFile; fileRef = 050135DE232453C100872DC0 /* SwinjectConfigurator.swift */; };
		050135E1232453EC00872DC0 /* Swinject.framework in Frameworks */ = {isa = PBXBuildFile; fileRef = 050135E0232453EC00872DC0 /* Swinject.framework */; };
		050135E2232453EC00872DC0 /* Swinject.framework in Embed Frameworks */ = {isa = PBXBuildFile; fileRef = 050135E0232453EC00872DC0 /* Swinject.framework */; settings = {ATTRIBUTES = (CodeSignOnCopy, RemoveHeadersOnCopy, ); }; };
		050135E42324541500872DC0 /* AutoAssembly.swift in Sources */ = {isa = PBXBuildFile; fileRef = 050135E32324541500872DC0 /* AutoAssembly.swift */; };
		050E3AA02325477B00197116 /* Localizable.strings in Resources */ = {isa = PBXBuildFile; fileRef = 050E3AA22325477B00197116 /* Localizable.strings */; };
		050E3AA52325478F00197116 /* Images.swift in Sources */ = {isa = PBXBuildFile; fileRef = 050E3AA32325478F00197116 /* Images.swift */; };
		050E3AA62325478F00197116 /* Strings.swift in Sources */ = {isa = PBXBuildFile; fileRef = 050E3AA42325478F00197116 /* Strings.swift */; };
		050E3AA92325669D00197116 /* SplashScreenPresenter.swift in Sources */ = {isa = PBXBuildFile; fileRef = 050E3AA82325669D00197116 /* SplashScreenPresenter.swift */; };
		0512C717233F8569007CC258 /* TabSelectorPresenter.swift in Sources */ = {isa = PBXBuildFile; fileRef = 0512C716233F8569007CC258 /* TabSelectorPresenter.swift */; };
		0512C71A233F8916007CC258 /* TabsStorage.swift in Sources */ = {isa = PBXBuildFile; fileRef = 0512C719233F8916007CC258 /* TabsStorage.swift */; };
		0512C71D233F89AF007CC258 /* Tab.swift in Sources */ = {isa = PBXBuildFile; fileRef = 0512C71C233F89AF007CC258 /* Tab.swift */; };
		0512C71F233F908B007CC258 /* Preferences.swift in Sources */ = {isa = PBXBuildFile; fileRef = 0512C71E233F908B007CC258 /* Preferences.swift */; };
		0512C721234098E3007CC258 /* UserDefaults.swift in Sources */ = {isa = PBXBuildFile; fileRef = 0512C720234098E3007CC258 /* UserDefaults.swift */; };
		0512C7252340B250007CC258 /* TabsController.swift in Sources */ = {isa = PBXBuildFile; fileRef = 0512C7242340B250007CC258 /* TabsController.swift */; };
		0512C7272340BADD007CC258 /* ServiceAssembly.swift in Sources */ = {isa = PBXBuildFile; fileRef = 0512C7262340BADD007CC258 /* ServiceAssembly.swift */; };
		051D81D1233C981200370DFB /* OnionDirector.swift in Sources */ = {isa = PBXBuildFile; fileRef = 051D81D0233C981200370DFB /* OnionDirector.swift */; };
		051D81D4233C988700370DFB /* DirectorAssembly.swift in Sources */ = {isa = PBXBuildFile; fileRef = 051D81D3233C988700370DFB /* DirectorAssembly.swift */; };
		051D81D7233CC07400370DFB /* TabSelectorCoordinator.swift in Sources */ = {isa = PBXBuildFile; fileRef = 051D81D6233CC07400370DFB /* TabSelectorCoordinator.swift */; };
		051D81D9233CC0CE00370DFB /* TabSelectorController.swift in Sources */ = {isa = PBXBuildFile; fileRef = 051D81D8233CC0CE00370DFB /* TabSelectorController.swift */; };
		051D81DE233CC36700370DFB /* TabSelectorAnimatedTransitioning.swift in Sources */ = {isa = PBXBuildFile; fileRef = 051D81DD233CC36700370DFB /* TabSelectorAnimatedTransitioning.swift */; };
		0548CCC5232456E600247E07 /* SplashScreenCoordinator.swift in Sources */ = {isa = PBXBuildFile; fileRef = 0548CCC4232456E600247E07 /* SplashScreenCoordinator.swift */; };
		0548CCC72324587900247E07 /* NavigationCoordinator.swift in Sources */ = {isa = PBXBuildFile; fileRef = 0548CCC62324587900247E07 /* NavigationCoordinator.swift */; };
		0548CCCD23245EAF00247E07 /* SplashScreenController.swift in Sources */ = {isa = PBXBuildFile; fileRef = 0548CCCC23245EAF00247E07 /* SplashScreenController.swift */; };
		0548CCD123245EE100247E07 /* SplashScreen.swift in Sources */ = {isa = PBXBuildFile; fileRef = 0548CCD023245EE100247E07 /* SplashScreen.swift */; };
		0548CCD3232463F200247E07 /* SplashScreenAssembly.swift in Sources */ = {isa = PBXBuildFile; fileRef = 0548CCD2232463F200247E07 /* SplashScreenAssembly.swift */; };
		058F3141234230FB00548D8B /* TabViewCell.swift in Sources */ = {isa = PBXBuildFile; fileRef = 058F313F234230FB00548D8B /* TabViewCell.swift */; };
		058F3142234230FB00548D8B /* TabViewCell.xib in Resources */ = {isa = PBXBuildFile; fileRef = 058F3140234230FB00548D8B /* TabViewCell.xib */; };
		059719822348BA9F009F3AA6 /* PanGestureHandler.swift in Sources */ = {isa = PBXBuildFile; fileRef = 059719812348BA9F009F3AA6 /* PanGestureHandler.swift */; };
		059727C6233CC6FD004D17B4 /* TabSelectorTransitioningDelegate.swift in Sources */ = {isa = PBXBuildFile; fileRef = 059727C5233CC6FD004D17B4 /* TabSelectorTransitioningDelegate.swift */; };
		059727C8233CCA8A004D17B4 /* TabSelectorAssembly.swift in Sources */ = {isa = PBXBuildFile; fileRef = 059727C7233CCA8A004D17B4 /* TabSelectorAssembly.swift */; };
		05C77B6D23412CB300489475 /* TabSelectorController.storyboard in Resources */ = {isa = PBXBuildFile; fileRef = 05C77B6C23412CB300489475 /* TabSelectorController.storyboard */; };
		05F2ACB12323FB240066B45B /* AppDelegate.swift in Sources */ = {isa = PBXBuildFile; fileRef = 05F2ACB02323FB240066B45B /* AppDelegate.swift */; };
		05F2ACB32323FB240066B45B /* SceneDelegate.swift in Sources */ = {isa = PBXBuildFile; fileRef = 05F2ACB22323FB240066B45B /* SceneDelegate.swift */; };
		05F2ACB72323FB260066B45B /* Assets.xcassets in Resources */ = {isa = PBXBuildFile; fileRef = 05F2ACB62323FB260066B45B /* Assets.xcassets */; };
		05F2ACBD2323FB260066B45B /* LaunchScreen.storyboard in Resources */ = {isa = PBXBuildFile; fileRef = 05F2ACBB2323FB260066B45B /* LaunchScreen.storyboard */; };
/* End PBXBuildFile section */

/* Begin PBXCopyFilesBuildPhase section */
		050135DA232450C900872DC0 /* Embed Frameworks */ = {
			isa = PBXCopyFilesBuildPhase;
			buildActionMask = 2147483647;
			dstPath = "";
			dstSubfolderSpec = 10;
			files = (
				050135D9232450C900872DC0 /* EasySwift.framework in Embed Frameworks */,
				050135E2232453EC00872DC0 /* Swinject.framework in Embed Frameworks */,
			);
			name = "Embed Frameworks";
			runOnlyForDeploymentPostprocessing = 0;
		};
/* End PBXCopyFilesBuildPhase section */

/* Begin PBXFileReference section */
		050135D7232450C900872DC0 /* EasySwift.framework */ = {isa = PBXFileReference; explicitFileType = wrapper.framework; path = EasySwift.framework; sourceTree = BUILT_PRODUCTS_DIR; };
		050135DE232453C100872DC0 /* SwinjectConfigurator.swift */ = {isa = PBXFileReference; fileEncoding = 4; lastKnownFileType = sourcecode.swift; path = SwinjectConfigurator.swift; sourceTree = "<group>"; };
		050135E0232453EC00872DC0 /* Swinject.framework */ = {isa = PBXFileReference; lastKnownFileType = wrapper.framework; name = Swinject.framework; path = Carthage/Build/iOS/Swinject.framework; sourceTree = "<group>"; };
		050135E32324541500872DC0 /* AutoAssembly.swift */ = {isa = PBXFileReference; fileEncoding = 4; lastKnownFileType = sourcecode.swift; path = AutoAssembly.swift; sourceTree = "<group>"; };
		050E3AA12325477B00197116 /* en */ = {isa = PBXFileReference; lastKnownFileType = text.plist.strings; name = en; path = en.lproj/Localizable.strings; sourceTree = "<group>"; };
		050E3AA32325478F00197116 /* Images.swift */ = {isa = PBXFileReference; fileEncoding = 4; lastKnownFileType = sourcecode.swift; path = Images.swift; sourceTree = "<group>"; };
		050E3AA42325478F00197116 /* Strings.swift */ = {isa = PBXFileReference; fileEncoding = 4; lastKnownFileType = sourcecode.swift; path = Strings.swift; sourceTree = "<group>"; };
		050E3AA82325669D00197116 /* SplashScreenPresenter.swift */ = {isa = PBXFileReference; lastKnownFileType = sourcecode.swift; path = SplashScreenPresenter.swift; sourceTree = "<group>"; };
		0512C716233F8569007CC258 /* TabSelectorPresenter.swift */ = {isa = PBXFileReference; lastKnownFileType = sourcecode.swift; path = TabSelectorPresenter.swift; sourceTree = "<group>"; };
		0512C719233F8916007CC258 /* TabsStorage.swift */ = {isa = PBXFileReference; lastKnownFileType = sourcecode.swift; path = TabsStorage.swift; sourceTree = "<group>"; };
		0512C71C233F89AF007CC258 /* Tab.swift */ = {isa = PBXFileReference; lastKnownFileType = sourcecode.swift; path = Tab.swift; sourceTree = "<group>"; };
		0512C71E233F908B007CC258 /* Preferences.swift */ = {isa = PBXFileReference; lastKnownFileType = sourcecode.swift; path = Preferences.swift; sourceTree = "<group>"; };
		0512C720234098E3007CC258 /* UserDefaults.swift */ = {isa = PBXFileReference; lastKnownFileType = sourcecode.swift; path = UserDefaults.swift; sourceTree = "<group>"; };
		0512C7242340B250007CC258 /* TabsController.swift */ = {isa = PBXFileReference; lastKnownFileType = sourcecode.swift; path = TabsController.swift; sourceTree = "<group>"; };
		0512C7262340BADD007CC258 /* ServiceAssembly.swift */ = {isa = PBXFileReference; lastKnownFileType = sourcecode.swift; path = ServiceAssembly.swift; sourceTree = "<group>"; };
		051D81D0233C981200370DFB /* OnionDirector.swift */ = {isa = PBXFileReference; lastKnownFileType = sourcecode.swift; path = OnionDirector.swift; sourceTree = "<group>"; };
		051D81D3233C988700370DFB /* DirectorAssembly.swift */ = {isa = PBXFileReference; lastKnownFileType = sourcecode.swift; path = DirectorAssembly.swift; sourceTree = "<group>"; };
		051D81D6233CC07400370DFB /* TabSelectorCoordinator.swift */ = {isa = PBXFileReference; lastKnownFileType = sourcecode.swift; path = TabSelectorCoordinator.swift; sourceTree = "<group>"; };
		051D81D8233CC0CE00370DFB /* TabSelectorController.swift */ = {isa = PBXFileReference; lastKnownFileType = sourcecode.swift; path = TabSelectorController.swift; sourceTree = "<group>"; };
		051D81DD233CC36700370DFB /* TabSelectorAnimatedTransitioning.swift */ = {isa = PBXFileReference; lastKnownFileType = sourcecode.swift; path = TabSelectorAnimatedTransitioning.swift; sourceTree = "<group>"; };
		0548CCC4232456E600247E07 /* SplashScreenCoordinator.swift */ = {isa = PBXFileReference; lastKnownFileType = sourcecode.swift; path = SplashScreenCoordinator.swift; sourceTree = "<group>"; };
		0548CCC62324587900247E07 /* NavigationCoordinator.swift */ = {isa = PBXFileReference; lastKnownFileType = sourcecode.swift; path = NavigationCoordinator.swift; sourceTree = "<group>"; };
		0548CCCC23245EAF00247E07 /* SplashScreenController.swift */ = {isa = PBXFileReference; lastKnownFileType = sourcecode.swift; path = SplashScreenController.swift; sourceTree = "<group>"; };
		0548CCD023245EE100247E07 /* SplashScreen.swift */ = {isa = PBXFileReference; lastKnownFileType = sourcecode.swift; path = SplashScreen.swift; sourceTree = "<group>"; };
		0548CCD2232463F200247E07 /* SplashScreenAssembly.swift */ = {isa = PBXFileReference; lastKnownFileType = sourcecode.swift; path = SplashScreenAssembly.swift; sourceTree = "<group>"; };
		058F313F234230FB00548D8B /* TabViewCell.swift */ = {isa = PBXFileReference; lastKnownFileType = sourcecode.swift; path = TabViewCell.swift; sourceTree = "<group>"; };
		058F3140234230FB00548D8B /* TabViewCell.xib */ = {isa = PBXFileReference; lastKnownFileType = file.xib; path = TabViewCell.xib; sourceTree = "<group>"; };
		059719812348BA9F009F3AA6 /* PanGestureHandler.swift */ = {isa = PBXFileReference; lastKnownFileType = sourcecode.swift; path = PanGestureHandler.swift; sourceTree = "<group>"; };
		059727C5233CC6FD004D17B4 /* TabSelectorTransitioningDelegate.swift */ = {isa = PBXFileReference; lastKnownFileType = sourcecode.swift; path = TabSelectorTransitioningDelegate.swift; sourceTree = "<group>"; };
		059727C7233CCA8A004D17B4 /* TabSelectorAssembly.swift */ = {isa = PBXFileReference; lastKnownFileType = sourcecode.swift; path = TabSelectorAssembly.swift; sourceTree = "<group>"; };
		05C77B6C23412CB300489475 /* TabSelectorController.storyboard */ = {isa = PBXFileReference; lastKnownFileType = file.storyboard; path = TabSelectorController.storyboard; sourceTree = "<group>"; };
		05F2ACAD2323FB240066B45B /* Oniony.app */ = {isa = PBXFileReference; explicitFileType = wrapper.application; includeInIndex = 0; path = Oniony.app; sourceTree = BUILT_PRODUCTS_DIR; };
		05F2ACB02323FB240066B45B /* AppDelegate.swift */ = {isa = PBXFileReference; lastKnownFileType = sourcecode.swift; path = AppDelegate.swift; sourceTree = "<group>"; };
		05F2ACB22323FB240066B45B /* SceneDelegate.swift */ = {isa = PBXFileReference; lastKnownFileType = sourcecode.swift; path = SceneDelegate.swift; sourceTree = "<group>"; };
		05F2ACB62323FB260066B45B /* Assets.xcassets */ = {isa = PBXFileReference; lastKnownFileType = folder.assetcatalog; path = Assets.xcassets; sourceTree = "<group>"; };
		05F2ACBC2323FB260066B45B /* Base */ = {isa = PBXFileReference; lastKnownFileType = file.storyboard; name = Base; path = Base.lproj/LaunchScreen.storyboard; sourceTree = "<group>"; };
		05F2ACBE2323FB260066B45B /* Info.plist */ = {isa = PBXFileReference; lastKnownFileType = text.plist.xml; path = Info.plist; sourceTree = "<group>"; };
/* End PBXFileReference section */

/* Begin PBXFrameworksBuildPhase section */
		05F2ACAA2323FB240066B45B /* Frameworks */ = {
			isa = PBXFrameworksBuildPhase;
			buildActionMask = 2147483647;
			files = (
				050135D8232450C900872DC0 /* EasySwift.framework in Frameworks */,
				050135E1232453EC00872DC0 /* Swinject.framework in Frameworks */,
			);
			runOnlyForDeploymentPostprocessing = 0;
		};
/* End PBXFrameworksBuildPhase section */

/* Begin PBXGroup section */
		050135D6232450C900872DC0 /* Frameworks */ = {
			isa = PBXGroup;
			children = (
				050135E0232453EC00872DC0 /* Swinject.framework */,
				050135D7232450C900872DC0 /* EasySwift.framework */,
			);
			name = Frameworks;
			sourceTree = "<group>";
		};
		050135DC2324535A00872DC0 /* Business Logic */ = {
			isa = PBXGroup;
			children = (
				0512C718233F8872007CC258 /* Service */,
				051D81CF233C961200370DFB /* Director */,
				050135DD232453AE00872DC0 /* Dependency Injection */,
			);
			path = "Business Logic";
			sourceTree = "<group>";
		};
		050135DD232453AE00872DC0 /* Dependency Injection */ = {
			isa = PBXGroup;
			children = (
				051D81D2233C987200370DFB /* Assembly */,
				050135DE232453C100872DC0 /* SwinjectConfigurator.swift */,
				050135E32324541500872DC0 /* AutoAssembly.swift */,
			);
			path = "Dependency Injection";
			sourceTree = "<group>";
		};
		050E3A9D232546F600197116 /* SwiftGen */ = {
			isa = PBXGroup;
			children = (
				050E3AA22325477B00197116 /* Localizable.strings */,
				050E3AA32325478F00197116 /* Images.swift */,
				050E3AA42325478F00197116 /* Strings.swift */,
			);
			path = SwiftGen;
			sourceTree = "<group>";
		};
		0512C718233F8872007CC258 /* Service */ = {
			isa = PBXGroup;
			children = (
				0512C720234098E3007CC258 /* UserDefaults.swift */,
				0512C71E233F908B007CC258 /* Preferences.swift */,
				0512C719233F8916007CC258 /* TabsStorage.swift */,
				0512C7242340B250007CC258 /* TabsController.swift */,
			);
			path = Service;
			sourceTree = "<group>";
		};
		0512C71B233F899F007CC258 /* Model */ = {
			isa = PBXGroup;
			children = (
				0512C71C233F89AF007CC258 /* Tab.swift */,
			);
			path = Model;
			sourceTree = "<group>";
		};
		051D81CF233C961200370DFB /* Director */ = {
			isa = PBXGroup;
			children = (
				051D81D0233C981200370DFB /* OnionDirector.swift */,
			);
			path = Director;
			sourceTree = "<group>";
		};
		051D81D2233C987200370DFB /* Assembly */ = {
			isa = PBXGroup;
			children = (
				051D81D3233C988700370DFB /* DirectorAssembly.swift */,
				0512C7262340BADD007CC258 /* ServiceAssembly.swift */,
			);
			path = Assembly;
			sourceTree = "<group>";
		};
		051D81D5233CBFAD00370DFB /* Tab Selector */ = {
			isa = PBXGroup;
			children = (
				058F313E2341470C00548D8B /* View */,
				051D81DC233CC31C00370DFB /* Coordination */,
				059727C7233CCA8A004D17B4 /* TabSelectorAssembly.swift */,
				0512C716233F8569007CC258 /* TabSelectorPresenter.swift */,
				051D81D8233CC0CE00370DFB /* TabSelectorController.swift */,
				05C77B6C23412CB300489475 /* TabSelectorController.storyboard */,
			);
			path = "Tab Selector";
			sourceTree = "<group>";
		};
		051D81DC233CC31C00370DFB /* Coordination */ = {
			isa = PBXGroup;
			children = (
				051D81D6233CC07400370DFB /* TabSelectorCoordinator.swift */,
				059727C5233CC6FD004D17B4 /* TabSelectorTransitioningDelegate.swift */,
				051D81DD233CC36700370DFB /* TabSelectorAnimatedTransitioning.swift */,
			);
			path = Coordination;
			sourceTree = "<group>";
		};
		0548CCC22324568900247E07 /* UI */ = {
			isa = PBXGroup;
			children = (
				059719832348D807009F3AA6 /* Handler */,
				0548CCC3232456CE00247E07 /* Abstract */,
				0548CCC823245D3800247E07 /* User Story */,
			);
			path = UI;
			sourceTree = "<group>";
		};
		0548CCC3232456CE00247E07 /* Abstract */ = {
			isa = PBXGroup;
			children = (
				0548CCC62324587900247E07 /* NavigationCoordinator.swift */,
			);
			path = Abstract;
			sourceTree = "<group>";
		};
		0548CCC823245D3800247E07 /* User Story */ = {
			isa = PBXGroup;
			children = (
				0548CCC923245D4700247E07 /* Splash Screen */,
				051D81D5233CBFAD00370DFB /* Tab Selector */,
			);
			path = "User Story";
			sourceTree = "<group>";
		};
		0548CCC923245D4700247E07 /* Splash Screen */ = {
			isa = PBXGroup;
			children = (
				0548CCD2232463F200247E07 /* SplashScreenAssembly.swift */,
				0548CCC4232456E600247E07 /* SplashScreenCoordinator.swift */,
				050E3AA82325669D00197116 /* SplashScreenPresenter.swift */,
				0548CCCC23245EAF00247E07 /* SplashScreenController.swift */,
				0548CCD023245EE100247E07 /* SplashScreen.swift */,
			);
			path = "Splash Screen";
			sourceTree = "<group>";
		};
		058F313E2341470C00548D8B /* View */ = {
			isa = PBXGroup;
			children = (
				058F313F234230FB00548D8B /* TabViewCell.swift */,
				058F3140234230FB00548D8B /* TabViewCell.xib */,
			);
			path = View;
			sourceTree = "<group>";
		};
		059719832348D807009F3AA6 /* Handler */ = {
			isa = PBXGroup;
			children = (
				059719812348BA9F009F3AA6 /* PanGestureHandler.swift */,
			);
			path = Handler;
			sourceTree = "<group>";
		};
		05F2ACA42323FB240066B45B = {
			isa = PBXGroup;
			children = (
				05F2ACAF2323FB240066B45B /* Oniony */,
				05F2ACAE2323FB240066B45B /* Products */,
				050135D6232450C900872DC0 /* Frameworks */,
			);
			sourceTree = "<group>";
		};
		05F2ACAE2323FB240066B45B /* Products */ = {
			isa = PBXGroup;
			children = (
				05F2ACAD2323FB240066B45B /* Oniony.app */,
			);
			name = Products;
			sourceTree = "<group>";
		};
		05F2ACAF2323FB240066B45B /* Oniony */ = {
			isa = PBXGroup;
			children = (
				05F2ACB02323FB240066B45B /* AppDelegate.swift */,
				05F2ACB22323FB240066B45B /* SceneDelegate.swift */,
				050135DC2324535A00872DC0 /* Business Logic */,
				0512C71B233F899F007CC258 /* Model */,
				0548CCC22324568900247E07 /* UI */,
				050E3A9D232546F600197116 /* SwiftGen */,
				05F2ACB62323FB260066B45B /* Assets.xcassets */,
				05F2ACBB2323FB260066B45B /* LaunchScreen.storyboard */,
				05F2ACBE2323FB260066B45B /* Info.plist */,
			);
			path = Oniony;
			sourceTree = "<group>";
		};
/* End PBXGroup section */

/* Begin PBXNativeTarget section */
		05F2ACAC2323FB240066B45B /* Oniony */ = {
			isa = PBXNativeTarget;
			buildConfigurationList = 05F2ACC12323FB260066B45B /* Build configuration list for PBXNativeTarget "Oniony" */;
			buildPhases = (
				05F2ACA92323FB240066B45B /* Sources */,
				05F2ACAA2323FB240066B45B /* Frameworks */,
				05F2ACAB2323FB240066B45B /* Resources */,
				050135DA232450C900872DC0 /* Embed Frameworks */,
				050135DB232450EF00872DC0 /* [Carthage] Copy Script */,
				050E3A9C2325373200197116 /* [SwiftGen] Run Script */,
				050E3AA723254E4D00197116 /* [SwiftLint] Run Script */,
			);
			buildRules = (
			);
			dependencies = (
			);
			name = Oniony;
			productName = Oniony;
			productReference = 05F2ACAD2323FB240066B45B /* Oniony.app */;
			productType = "com.apple.product-type.application";
		};
/* End PBXNativeTarget section */

/* Begin PBXProject section */
		05F2ACA52323FB240066B45B /* Project object */ = {
			isa = PBXProject;
			attributes = {
				LastSwiftUpdateCheck = 1100;
				LastUpgradeCheck = 1100;
				ORGANIZATIONNAME = "Georgiy Cheremnykh";
				TargetAttributes = {
					05F2ACAC2323FB240066B45B = {
						CreatedOnToolsVersion = 11.0;
					};
				};
			};
			buildConfigurationList = 05F2ACA82323FB240066B45B /* Build configuration list for PBXProject "Oniony" */;
			compatibilityVersion = "Xcode 9.3";
			developmentRegion = en;
			hasScannedForEncodings = 0;
			knownRegions = (
				en,
				Base,
			);
			mainGroup = 05F2ACA42323FB240066B45B;
			productRefGroup = 05F2ACAE2323FB240066B45B /* Products */;
			projectDirPath = "";
			projectRoot = "";
			targets = (
				05F2ACAC2323FB240066B45B /* Oniony */,
			);
		};
/* End PBXProject section */

/* Begin PBXResourcesBuildPhase section */
		05F2ACAB2323FB240066B45B /* Resources */ = {
			isa = PBXResourcesBuildPhase;
			buildActionMask = 2147483647;
			files = (
				05C77B6D23412CB300489475 /* TabSelectorController.storyboard in Resources */,
				05F2ACBD2323FB260066B45B /* LaunchScreen.storyboard in Resources */,
				058F3142234230FB00548D8B /* TabViewCell.xib in Resources */,
				050E3AA02325477B00197116 /* Localizable.strings in Resources */,
				05F2ACB72323FB260066B45B /* Assets.xcassets in Resources */,
			);
			runOnlyForDeploymentPostprocessing = 0;
		};
/* End PBXResourcesBuildPhase section */

/* Begin PBXShellScriptBuildPhase section */
		050135DB232450EF00872DC0 /* [Carthage] Copy Script */ = {
			isa = PBXShellScriptBuildPhase;
			buildActionMask = 2147483647;
			files = (
			);
			inputFileListPaths = (
			);
			inputPaths = (
				"$(SRCROOT)/Carthage/Build/iOS/Swinject.framework",
			);
			name = "[Carthage] Copy Script";
			outputFileListPaths = (
			);
			outputPaths = (
			);
			runOnlyForDeploymentPostprocessing = 0;
			shellPath = /bin/sh;
			shellScript = "# Копирует зависимости проекта в исполняемый пакет приложения.\n/usr/local/bin/carthage copy-frameworks\n";
		};
		050E3A9C2325373200197116 /* [SwiftGen] Run Script */ = {
			isa = PBXShellScriptBuildPhase;
			buildActionMask = 2147483647;
			files = (
			);
			inputFileListPaths = (
			);
			inputPaths = (
			);
			name = "[SwiftGen] Run Script";
			outputFileListPaths = (
			);
			outputPaths = (
			);
			runOnlyForDeploymentPostprocessing = 0;
			shellPath = /bin/sh;
			shellScript = "# Пути к рабочим файлам.\nSG_IM=\"Oniony/SwiftGen/Images.swift\"\nSG_ST=\"Oniony/SwiftGen/Strings.swift\"\n\n# Снимает защиту с файла генерации имен изображений.\nchmod +w \"$SRCROOT\"/\"$SG_IM\"\nchmod +w \"$SRCROOT\"/\"$SG_ST\"\n\n# Запускает кодогенерацию.\nswiftgen config run\n\n# Ставит защиту на генерируемые файлы.\nchmod -w \"$SRCROOT\"/\"$SG_IM\"\nchmod -w \"$SRCROOT\"/\"$SG_ST\"\n";
		};
		050E3AA723254E4D00197116 /* [SwiftLint] Run Script */ = {
			isa = PBXShellScriptBuildPhase;
			buildActionMask = 2147483647;
			files = (
			);
			inputFileListPaths = (
			);
			inputPaths = (
			);
			name = "[SwiftLint] Run Script";
			outputFileListPaths = (
			);
			outputPaths = (
			);
			runOnlyForDeploymentPostprocessing = 0;
			shellPath = /bin/sh;
			shellScript = "if which swiftlint >/dev/null; then\n  swiftlint --config \".swiftlint.yaml\"\nelse\n  echo \"Error: SwiftLint does not exist, download it from https://github.com/realm/SwiftLint.\"\n  exit 1\nfi\n";
		};
/* End PBXShellScriptBuildPhase section */

/* Begin PBXSourcesBuildPhase section */
		05F2ACA92323FB240066B45B /* Sources */ = {
			isa = PBXSourcesBuildPhase;
			buildActionMask = 2147483647;
			files = (
				059727C8233CCA8A004D17B4 /* TabSelectorAssembly.swift in Sources */,
				0548CCD123245EE100247E07 /* SplashScreen.swift in Sources */,
				05F2ACB12323FB240066B45B /* AppDelegate.swift in Sources */,
				051D81D9233CC0CE00370DFB /* TabSelectorController.swift in Sources */,
				050E3AA92325669D00197116 /* SplashScreenPresenter.swift in Sources */,
				0548CCD3232463F200247E07 /* SplashScreenAssembly.swift in Sources */,
				0512C721234098E3007CC258 /* UserDefaults.swift in Sources */,
				059727C6233CC6FD004D17B4 /* TabSelectorTransitioningDelegate.swift in Sources */,
				050E3AA52325478F00197116 /* Images.swift in Sources */,
				0512C7252340B250007CC258 /* TabsController.swift in Sources */,
				051D81D7233CC07400370DFB /* TabSelectorCoordinator.swift in Sources */,
				050135DF232453C100872DC0 /* SwinjectConfigurator.swift in Sources */,
				0512C717233F8569007CC258 /* TabSelectorPresenter.swift in Sources */,
				0548CCCD23245EAF00247E07 /* SplashScreenController.swift in Sources */,
				0548CCC5232456E600247E07 /* SplashScreenCoordinator.swift in Sources */,
				0512C71F233F908B007CC258 /* Preferences.swift in Sources */,
				051D81DE233CC36700370DFB /* TabSelectorAnimatedTransitioning.swift in Sources */,
				05F2ACB32323FB240066B45B /* SceneDelegate.swift in Sources */,
				058F3141234230FB00548D8B /* TabViewCell.swift in Sources */,
				059719822348BA9F009F3AA6 /* PanGestureHandler.swift in Sources */,
				0512C7272340BADD007CC258 /* ServiceAssembly.swift in Sources */,
				0548CCC72324587900247E07 /* NavigationCoordinator.swift in Sources */,
				0512C71D233F89AF007CC258 /* Tab.swift in Sources */,
				050E3AA62325478F00197116 /* Strings.swift in Sources */,
				051D81D4233C988700370DFB /* DirectorAssembly.swift in Sources */,
				051D81D1233C981200370DFB /* OnionDirector.swift in Sources */,
				050135E42324541500872DC0 /* AutoAssembly.swift in Sources */,
				0512C71A233F8916007CC258 /* TabsStorage.swift in Sources */,
			);
			runOnlyForDeploymentPostprocessing = 0;
		};
/* End PBXSourcesBuildPhase section */

/* Begin PBXVariantGroup section */
		050E3AA22325477B00197116 /* Localizable.strings */ = {
			isa = PBXVariantGroup;
			children = (
				050E3AA12325477B00197116 /* en */,
			);
			name = Localizable.strings;
			sourceTree = "<group>";
		};
		05F2ACBB2323FB260066B45B /* LaunchScreen.storyboard */ = {
			isa = PBXVariantGroup;
			children = (
				05F2ACBC2323FB260066B45B /* Base */,
			);
			name = LaunchScreen.storyboard;
			sourceTree = "<group>";
		};
/* End PBXVariantGroup section */

/* Begin XCBuildConfiguration section */
		05F2ACBF2323FB260066B45B /* Debug */ = {
			isa = XCBuildConfiguration;
			buildSettings = {
				ALWAYS_SEARCH_USER_PATHS = NO;
				CLANG_ANALYZER_NONNULL = YES;
				CLANG_ANALYZER_NUMBER_OBJECT_CONVERSION = YES_AGGRESSIVE;
				CLANG_CXX_LANGUAGE_STANDARD = "gnu++14";
				CLANG_CXX_LIBRARY = "libc++";
				CLANG_ENABLE_MODULES = YES;
				CLANG_ENABLE_OBJC_ARC = YES;
				CLANG_ENABLE_OBJC_WEAK = YES;
				CLANG_WARN_BLOCK_CAPTURE_AUTORELEASING = YES;
				CLANG_WARN_BOOL_CONVERSION = YES;
				CLANG_WARN_COMMA = YES;
				CLANG_WARN_CONSTANT_CONVERSION = YES;
				CLANG_WARN_DEPRECATED_OBJC_IMPLEMENTATIONS = YES;
				CLANG_WARN_DIRECT_OBJC_ISA_USAGE = YES_ERROR;
				CLANG_WARN_DOCUMENTATION_COMMENTS = YES;
				CLANG_WARN_EMPTY_BODY = YES;
				CLANG_WARN_ENUM_CONVERSION = YES;
				CLANG_WARN_INFINITE_RECURSION = YES;
				CLANG_WARN_INT_CONVERSION = YES;
				CLANG_WARN_NON_LITERAL_NULL_CONVERSION = YES;
				CLANG_WARN_OBJC_IMPLICIT_RETAIN_SELF = YES;
				CLANG_WARN_OBJC_LITERAL_CONVERSION = YES;
				CLANG_WARN_OBJC_ROOT_CLASS = YES_ERROR;
				CLANG_WARN_RANGE_LOOP_ANALYSIS = YES;
				CLANG_WARN_STRICT_PROTOTYPES = YES;
				CLANG_WARN_SUSPICIOUS_MOVE = YES;
				CLANG_WARN_UNGUARDED_AVAILABILITY = YES_AGGRESSIVE;
				CLANG_WARN_UNREACHABLE_CODE = YES;
				CLANG_WARN__DUPLICATE_METHOD_MATCH = YES;
				COPY_PHASE_STRIP = NO;
				DEBUG_INFORMATION_FORMAT = dwarf;
				ENABLE_STRICT_OBJC_MSGSEND = YES;
				ENABLE_TESTABILITY = YES;
				GCC_C_LANGUAGE_STANDARD = gnu11;
				GCC_DYNAMIC_NO_PIC = NO;
				GCC_NO_COMMON_BLOCKS = YES;
				GCC_OPTIMIZATION_LEVEL = 0;
				GCC_PREPROCESSOR_DEFINITIONS = (
					"DEBUG=1",
					"$(inherited)",
				);
				GCC_WARN_64_TO_32_BIT_CONVERSION = YES;
				GCC_WARN_ABOUT_RETURN_TYPE = YES_ERROR;
				GCC_WARN_UNDECLARED_SELECTOR = YES;
				GCC_WARN_UNINITIALIZED_AUTOS = YES_AGGRESSIVE;
				GCC_WARN_UNUSED_FUNCTION = YES;
				GCC_WARN_UNUSED_VARIABLE = YES;
				IPHONEOS_DEPLOYMENT_TARGET = 13.0;
				MTL_ENABLE_DEBUG_INFO = INCLUDE_SOURCE;
				MTL_FAST_MATH = YES;
				ONLY_ACTIVE_ARCH = YES;
				SDKROOT = iphoneos;
				SWIFT_ACTIVE_COMPILATION_CONDITIONS = DEBUG;
				SWIFT_OPTIMIZATION_LEVEL = "-Onone";
			};
			name = Debug;
		};
		05F2ACC02323FB260066B45B /* Release */ = {
			isa = XCBuildConfiguration;
			buildSettings = {
				ALWAYS_SEARCH_USER_PATHS = NO;
				CLANG_ANALYZER_NONNULL = YES;
				CLANG_ANALYZER_NUMBER_OBJECT_CONVERSION = YES_AGGRESSIVE;
				CLANG_CXX_LANGUAGE_STANDARD = "gnu++14";
				CLANG_CXX_LIBRARY = "libc++";
				CLANG_ENABLE_MODULES = YES;
				CLANG_ENABLE_OBJC_ARC = YES;
				CLANG_ENABLE_OBJC_WEAK = YES;
				CLANG_WARN_BLOCK_CAPTURE_AUTORELEASING = YES;
				CLANG_WARN_BOOL_CONVERSION = YES;
				CLANG_WARN_COMMA = YES;
				CLANG_WARN_CONSTANT_CONVERSION = YES;
				CLANG_WARN_DEPRECATED_OBJC_IMPLEMENTATIONS = YES;
				CLANG_WARN_DIRECT_OBJC_ISA_USAGE = YES_ERROR;
				CLANG_WARN_DOCUMENTATION_COMMENTS = YES;
				CLANG_WARN_EMPTY_BODY = YES;
				CLANG_WARN_ENUM_CONVERSION = YES;
				CLANG_WARN_INFINITE_RECURSION = YES;
				CLANG_WARN_INT_CONVERSION = YES;
				CLANG_WARN_NON_LITERAL_NULL_CONVERSION = YES;
				CLANG_WARN_OBJC_IMPLICIT_RETAIN_SELF = YES;
				CLANG_WARN_OBJC_LITERAL_CONVERSION = YES;
				CLANG_WARN_OBJC_ROOT_CLASS = YES_ERROR;
				CLANG_WARN_RANGE_LOOP_ANALYSIS = YES;
				CLANG_WARN_STRICT_PROTOTYPES = YES;
				CLANG_WARN_SUSPICIOUS_MOVE = YES;
				CLANG_WARN_UNGUARDED_AVAILABILITY = YES_AGGRESSIVE;
				CLANG_WARN_UNREACHABLE_CODE = YES;
				CLANG_WARN__DUPLICATE_METHOD_MATCH = YES;
				COPY_PHASE_STRIP = NO;
				DEBUG_INFORMATION_FORMAT = "dwarf-with-dsym";
				ENABLE_NS_ASSERTIONS = NO;
				ENABLE_STRICT_OBJC_MSGSEND = YES;
				GCC_C_LANGUAGE_STANDARD = gnu11;
				GCC_NO_COMMON_BLOCKS = YES;
				GCC_WARN_64_TO_32_BIT_CONVERSION = YES;
				GCC_WARN_ABOUT_RETURN_TYPE = YES_ERROR;
				GCC_WARN_UNDECLARED_SELECTOR = YES;
				GCC_WARN_UNINITIALIZED_AUTOS = YES_AGGRESSIVE;
				GCC_WARN_UNUSED_FUNCTION = YES;
				GCC_WARN_UNUSED_VARIABLE = YES;
				IPHONEOS_DEPLOYMENT_TARGET = 13.0;
				MTL_ENABLE_DEBUG_INFO = NO;
				MTL_FAST_MATH = YES;
				SDKROOT = iphoneos;
				SWIFT_COMPILATION_MODE = wholemodule;
				SWIFT_OPTIMIZATION_LEVEL = "-O";
				VALIDATE_PRODUCT = YES;
			};
			name = Release;
		};
		05F2ACC22323FB260066B45B /* Debug */ = {
			isa = XCBuildConfiguration;
			buildSettings = {
				ASSETCATALOG_COMPILER_APPICON_NAME = AppIcon;
				CODE_SIGN_STYLE = Automatic;
				DEVELOPMENT_ASSET_PATHS = "";
				DEVELOPMENT_TEAM = Y36GWGGPJS;
				ENABLE_PREVIEWS = YES;
				FRAMEWORK_SEARCH_PATHS = (
					"$(inherited)",
					"$(PROJECT_DIR)/Carthage/Build/iOS",
				);
				INFOPLIST_FILE = Oniony/Info.plist;
				LD_RUNPATH_SEARCH_PATHS = (
					"$(inherited)",
					"@executable_path/Frameworks",
				);
				PRODUCT_BUNDLE_IDENTIFIER = com.webview.lab.oniony;
				PRODUCT_NAME = "$(TARGET_NAME)";
				SWIFT_VERSION = 5.0;
				TARGETED_DEVICE_FAMILY = "1,2";
			};
			name = Debug;
		};
		05F2ACC32323FB260066B45B /* Release */ = {
			isa = XCBuildConfiguration;
			buildSettings = {
				ASSETCATALOG_COMPILER_APPICON_NAME = AppIcon;
				CODE_SIGN_STYLE = Automatic;
				DEVELOPMENT_ASSET_PATHS = "";
				DEVELOPMENT_TEAM = Y36GWGGPJS;
				ENABLE_PREVIEWS = YES;
				FRAMEWORK_SEARCH_PATHS = (
					"$(inherited)",
					"$(PROJECT_DIR)/Carthage/Build/iOS",
				);
				INFOPLIST_FILE = Oniony/Info.plist;
				LD_RUNPATH_SEARCH_PATHS = (
					"$(inherited)",
					"@executable_path/Frameworks",
				);
				PRODUCT_BUNDLE_IDENTIFIER = com.webview.lab.oniony;
				PRODUCT_NAME = "$(TARGET_NAME)";
				SWIFT_VERSION = 5.0;
				TARGETED_DEVICE_FAMILY = "1,2";
			};
			name = Release;
		};
/* End XCBuildConfiguration section */

/* Begin XCConfigurationList section */
		05F2ACA82323FB240066B45B /* Build configuration list for PBXProject "Oniony" */ = {
			isa = XCConfigurationList;
			buildConfigurations = (
				05F2ACBF2323FB260066B45B /* Debug */,
				05F2ACC02323FB260066B45B /* Release */,
			);
			defaultConfigurationIsVisible = 0;
			defaultConfigurationName = Release;
		};
		05F2ACC12323FB260066B45B /* Build configuration list for PBXNativeTarget "Oniony" */ = {
			isa = XCConfigurationList;
			buildConfigurations = (
				05F2ACC22323FB260066B45B /* Debug */,
				05F2ACC32323FB260066B45B /* Release */,
			);
			defaultConfigurationIsVisible = 0;
			defaultConfigurationName = Release;
		};
/* End XCConfigurationList section */
	};
	rootObject = 05F2ACA52323FB240066B45B /* Project object */;
}
